
Microsoft Visual Studio Solution File, Format Version 12.00
# Visual Studio 14
VisualStudioVersion = 14.0.25420.1
MinimumVisualStudioVersion = 10.0.40219.1
Project("{FAE04EC0-301F-11D3-BF4B-00C04F79EFBC}") = "LeagueAssist", "LeagueAssist\LeagueAssist.csproj", "{D74277FE-D8FB-436E-9708-608AA725F509}"
EndProject
Project("{FAE04EC0-301F-11D3-BF4B-00C04F79EFBC}") = "NhibernateTest", "NhibernateTest\NhibernateTest.csproj", "{93EF02A8-163A-4803-ADA5-3484F8DECC50}"
EndProject
Global
	GlobalSection(SolutionConfigurationPlatforms) = preSolution
		Debug|Any CPU = Debug|Any CPU
		Release|Any CPU = Release|Any CPU
	EndGlobalSection
	GlobalSection(ProjectConfigurationPlatforms) = postSolution
		{D74277FE-D8FB-436E-9708-608AA725F509}.Debug|Any CPU.ActiveCfg = Debug|Any CPU
		{D74277FE-D8FB-436E-9708-608AA725F509}.Debug|Any CPU.Build.0 = Debug|Any CPU
		{D74277FE-D8FB-436E-9708-608AA725F509}.Release|Any CPU.ActiveCfg = Release|Any CPU
		{D74277FE-D8FB-436E-9708-608AA725F509}.Release|Any CPU.Build.0 = Release|Any CPU
		{93EF02A8-163A-4803-ADA5-3484F8DECC50}.Debug|Any CPU.ActiveCfg = Debug|Any CPU
		{93EF02A8-163A-4803-ADA5-3484F8DECC50}.Debug|Any CPU.Build.0 = Debug|Any CPU
		{93EF02A8-163A-4803-ADA5-3484F8DECC50}.Release|Any CPU.ActiveCfg = Release|Any CPU
		{93EF02A8-163A-4803-ADA5-3484F8DECC50}.Release|Any CPU.Build.0 = Release|Any CPU
	EndGlobalSection
	GlobalSection(SolutionProperties) = preSolution
		HideSolutionNode = FALSE
	EndGlobalSection
EndGlobal
